
Microsoft Visual Studio Solution File, Format Version 12.00
# Visual Studio Version 17
VisualStudioVersion = 17.5.33424.131
MinimumVisualStudioVersion = 10.0.40219.1
Project("{FAE04EC0-301F-11D3-BF4B-00C04F79EFBC}") = "route_1", "route_1\route_1.csproj", "{9E04F576-FCFC-495F-B269-731FC4379129}"
EndProject
Global
	GlobalSection(SolutionConfigurationPlatforms) = preSolution
		Debug|Any CPU = Debug|Any CPU
		Release|Any CPU = Release|Any CPU
	EndGlobalSection
	GlobalSection(ProjectConfigurationPlatforms) = postSolution
		{9E04F576-FCFC-495F-B269-731FC4379129}.Debug|Any CPU.ActiveCfg = Debug|Any CPU
		{9E04F576-FCFC-495F-B269-731FC4379129}.Debug|Any CPU.Build.0 = Debug|Any CPU
		{9E04F576-FCFC-495F-B269-731FC4379129}.Release|Any CPU.ActiveCfg = Release|Any CPU
		{9E04F576-FCFC-495F-B269-731FC4379129}.Release|Any CPU.Build.0 = Release|Any CPU
	EndGlobalSection
	GlobalSection(SolutionProperties) = preSolution
		HideSolutionNode = FALSE
	EndGlobalSection
	GlobalSection(ExtensibilityGlobals) = postSolution
		SolutionGuid = {1E213898-912D-435B-A6AD-3A5DEB6B356B}
	EndGlobalSection
EndGlobal
